
Microsoft Visual Studio Solution File, Format Version 12.00
# Visual Studio Version 16
VisualStudioVersion = 16.0.31702.278
MinimumVisualStudioVersion = 10.0.40219.1
Project("{FAE04EC0-301F-11D3-BF4B-00C04F79EFBC}") = "FacturaEmcoclavos", "FacturaEmcoclavos\FacturaEmcoclavos.csproj", "{7378B528-0E9E-4546-80F9-F621BA183F73}"
EndProject
Global
	GlobalSection(SolutionConfigurationPlatforms) = preSolution
		Debug|Any CPU = Debug|Any CPU
		Release|Any CPU = Release|Any CPU
	EndGlobalSection
	GlobalSection(ProjectConfigurationPlatforms) = postSolution
		{7378B528-0E9E-4546-80F9-F621BA183F73}.Debug|Any CPU.ActiveCfg = Debug|Any CPU
		{7378B528-0E9E-4546-80F9-F621BA183F73}.Debug|Any CPU.Build.0 = Debug|Any CPU
		{7378B528-0E9E-4546-80F9-F621BA183F73}.Release|Any CPU.ActiveCfg = Release|Any CPU
		{7378B528-0E9E-4546-80F9-F621BA183F73}.Release|Any CPU.Build.0 = Release|Any CPU
	EndGlobalSection
	GlobalSection(SolutionProperties) = preSolution
		HideSolutionNode = FALSE
	EndGlobalSection
	GlobalSection(ExtensibilityGlobals) = postSolution
		SolutionGuid = {69E555A9-6BC1-4FCC-86E3-D093728CEFF5}
	EndGlobalSection
EndGlobal
